
Microsoft Visual Studio Solution File, Format Version 12.00
Project("{FAE04EC0-301F-11D3-BF4B-00C04F79EFBC}") = "OrderManagementSystem", "OrderManagementSystem\OrderManagementSystem.csproj", "{19CB7CB7-2D7E-4660-B4A3-828962112CFF}"
EndProject
Global
	GlobalSection(SolutionConfigurationPlatforms) = preSolution
		Debug|Any CPU = Debug|Any CPU
		Release|Any CPU = Release|Any CPU
	EndGlobalSection
	GlobalSection(ProjectConfigurationPlatforms) = postSolution
		{19CB7CB7-2D7E-4660-B4A3-828962112CFF}.Debug|Any CPU.ActiveCfg = Debug|Any CPU
		{19CB7CB7-2D7E-4660-B4A3-828962112CFF}.Debug|Any CPU.Build.0 = Debug|Any CPU
		{19CB7CB7-2D7E-4660-B4A3-828962112CFF}.Release|Any CPU.ActiveCfg = Release|Any CPU
		{19CB7CB7-2D7E-4660-B4A3-828962112CFF}.Release|Any CPU.Build.0 = Release|Any CPU
	EndGlobalSection
EndGlobal
